{
    "_readme": [
        "This file locks the dependencies of your project to a known state",
        "Read more about it at https://getcomposer.org/doc/01-basic-usage.md#installing-dependencies",
        "This file is @generated automatically"
    ],
    "content-hash": "ad9da50cd07c8c687dce2baa3d3a233c",
    "packages": [
        {
            "name": "ademarre/binary-to-text-php",
            "version": "v3.0.0",
            "source": {
                "type": "git",
                "url": "https://github.com/ademarre/binary-to-text-php.git",
                "reference": "5d98d17be16d65e03851654a717293a4317bb947"
            },
            "dist": {
                "type": "zip",
                "url": "https://api.github.com/repos/ademarre/binary-to-text-php/zipball/5d98d17be16d65e03851654a717293a4317bb947",
                "reference": "5d98d17be16d65e03851654a717293a4317bb947",
                "shasum": ""
            },
            "require": {
                "php": ">=5.2.14"
            },
            "type": "library",
            "autoload": {
                "psr-0": {
                    "Base2n": ""
                }
            },
            "notification-url": "https://packagist.org/downloads/",
            "license": [
                "MIT"
            ],
            "authors": [
                {
                    "name": "Andre DeMarre",
                    "role": "Developer"
                }
            ],
            "description": "Collection of binary-to-text encoding utilities for PHP. Includes Base32 support and much more.",
            "homepage": "https://github.com/ademarre/binary-to-text-php",
            "keywords": [
                "base-4",
                "base-8",
                "base32",
                "binary",
                "octal",
                "rfc4648"
            ],
            "support": {
                "issues": "https://github.com/ademarre/binary-to-text-php/issues",
                "source": "https://github.com/ademarre/binary-to-text-php/tree/v3.0.0"
            },
            "time": "2015-02-27T05:11:22+00:00"
        },
        {
            "name": "gettext/gettext",
            "version": "v5.6.1",
            "source": {
                "type": "git",
                "url": "https://github.com/php-gettext/Gettext.git",
                "reference": "017e249601d32b9a88c2eb4c10eac89bf582a7d3"
            },
            "dist": {
                "type": "zip",
                "url": "https://api.github.com/repos/php-gettext/Gettext/zipball/017e249601d32b9a88c2eb4c10eac89bf582a7d3",
                "reference": "017e249601d32b9a88c2eb4c10eac89bf582a7d3",
                "shasum": ""
            },
            "require": {
                "gettext/languages": "^2.3",
                "php": "^7.2|^8.0"
            },
            "require-dev": {
                "brick/varexporter": "^0.3.5",
                "friendsofphp/php-cs-fixer": "^3.2",
                "oscarotero/php-cs-fixer-config": "^2.0",
                "phpunit/phpunit": "^8.0|^9.0",
                "squizlabs/php_codesniffer": "^3.0"
            },
            "type": "library",
            "autoload": {
                "psr-4": {
                    "Gettext\\": "src"
                }
            },
            "notification-url": "https://packagist.org/downloads/",
            "license": [
                "MIT"
            ],
            "authors": [
                {
                    "name": "Oscar Otero",
                    "email": "oom@oscarotero.com",
                    "homepage": "http://oscarotero.com",
                    "role": "Developer"
                }
            ],
            "description": "PHP gettext manager",
            "homepage": "https://github.com/php-gettext/Gettext",
            "keywords": [
                "JS",
                "gettext",
                "i18n",
                "mo",
                "po",
                "translation"
            ],
            "support": {
                "email": "oom@oscarotero.com",
                "issues": "https://github.com/php-gettext/Gettext/issues",
                "source": "https://github.com/php-gettext/Gettext/tree/v5.6.1"
            },
            "funding": [
                {
                    "url": "https://paypal.me/oscarotero",
                    "type": "custom"
                },
                {
                    "url": "https://github.com/oscarotero",
                    "type": "github"
                },
                {
                    "url": "https://www.patreon.com/misteroom",
                    "type": "patreon"
                }
            ],
            "time": "2021-12-04T11:33:21+00:00"
        },
        {
            "name": "gettext/languages",
            "version": "2.9.0",
            "source": {
                "type": "git",
                "url": "https://github.com/php-gettext/Languages.git",
                "reference": "ed56dd2c7f4024cc953ed180d25f02f2640e3ffa"
            },
            "dist": {
                "type": "zip",
                "url": "https://api.github.com/repos/php-gettext/Languages/zipball/ed56dd2c7f4024cc953ed180d25f02f2640e3ffa",
                "reference": "ed56dd2c7f4024cc953ed180d25f02f2640e3ffa",
                "shasum": ""
            },
            "require": {
                "php": ">=5.3"
            },
            "require-dev": {
                "phpunit/phpunit": "^4.8 || ^5.7 || ^6.5 || ^7.5 || ^8.4"
            },
            "bin": [
                "bin/export-plural-rules"
            ],
            "type": "library",
            "autoload": {
                "psr-4": {
                    "Gettext\\Languages\\": "src/"
                }
            },
            "notification-url": "https://packagist.org/downloads/",
            "license": [
                "MIT"
            ],
            "authors": [
                {
                    "name": "Michele Locati",
                    "email": "mlocati@gmail.com",
                    "role": "Developer"
                }
            ],
            "description": "gettext languages with plural rules",
            "homepage": "https://github.com/php-gettext/Languages",
            "keywords": [
                "cldr",
                "i18n",
                "internationalization",
                "l10n",
                "language",
                "languages",
                "localization",
                "php",
                "plural",
                "plural rules",
                "plurals",
                "translate",
                "translations",
                "unicode"
            ],
            "support": {
                "issues": "https://github.com/php-gettext/Languages/issues",
                "source": "https://github.com/php-gettext/Languages/tree/2.9.0"
            },
            "funding": [
                {
                    "url": "https://paypal.me/mlocati",
                    "type": "custom"
                },
                {
                    "url": "https://github.com/mlocati",
                    "type": "github"
                }
            ],
            "time": "2021-11-11T17:30:39+00:00"
        },
        {
            "name": "p3k/emoji-detector",
            "version": "0.3.1",
            "source": {
                "type": "git",
                "url": "https://github.com/aaronpk/emoji-detector-php.git",
                "reference": "169f4504d2d250c34d89b640587153da321a586e"
            },
            "dist": {
                "type": "zip",
                "url": "https://api.github.com/repos/aaronpk/emoji-detector-php/zipball/169f4504d2d250c34d89b640587153da321a586e",
                "reference": "169f4504d2d250c34d89b640587153da321a586e",
                "shasum": ""
            },
            "require": {
                "ext-mbstring": "*",
                "php": ">=7.2"
            },
            "require-dev": {
                "phpunit/phpunit": "^8.5"
            },
            "type": "library",
            "autoload": {
                "files": [
                    "src/Emoji.php"
                ]
            },
            "notification-url": "https://packagist.org/downloads/",
            "license": [
                "MIT"
            ],
            "authors": [
                {
                    "name": "Aaron Parecki",
                    "email": "aaron@parecki.com",
                    "homepage": "https://aaronparecki.com/"
                }
            ],
            "description": "Detect and return all emoji found in a string",
            "homepage": "https://github.com/aaronpk/emoji-detector-php",
            "support": {
                "issues": "https://github.com/aaronpk/emoji-detector-php/issues",
                "source": "https://github.com/aaronpk/emoji-detector-php/tree/0.3.1"
            },
            "time": "2021-08-27T20:24:15+00:00"
        }
    ],
    "packages-dev": [],
    "aliases": [],
    "minimum-stability": "stable",
    "stability-flags": [],
    "prefer-stable": false,
    "prefer-lowest": false,
    "platform": [],
    "platform-dev": [],
    "plugin-api-version": "2.1.0"
}
